{
  "nodes": {
    "alejandra": {
      "inputs": {
        "fenix": "fenix",
        "flakeCompat": "flakeCompat",
        "nixpkgs": "nixpkgs"
      },
      "locked": {
        "lastModified": 1768155355,
        "narHash": "sha256-s0TBsxvGjl3Z4O3McFlKKq5CKCjFLYd/WGaROb3VkX0=",
        "owner": "kamadorueda",
        "repo": "alejandra",
        "rev": "8f47c5e82ee8e6e8adcc1748be0056a1e349f7e8",
        "type": "github"
      },
      "original": {
        "owner": "kamadorueda",
        "repo": "alejandra",
        "type": "github"
      }
    },
    "fenix": {
      "inputs": {
        "nixpkgs": [
          "alejandra",
          "nixpkgs"
        ],
        "rust-analyzer-src": "rust-analyzer-src"
      },
      "locked": {
        "lastModified": 1768113825,
        "narHash": "sha256-f09fAifGPEuRrz1DFY910jexq0DaBuQBbq7WcxQIUgs=",
        "owner": "nix-community",
        "repo": "fenix",
        "rev": "55106e04d905c6a7726d0f6be77ed39a99f66a61",
        "type": "github"
      },
      "original": {
        "owner": "nix-community",
        "repo": "fenix",
        "type": "github"
      }
    },
    "flakeCompat": {
      "flake": false,
      "locked": {
        "lastModified": 1767039857,
        "narHash": "sha256-vNpUSpF5Nuw8xvDLj2KCwwksIbjua2LZCqhV1LNRDns=",
        "owner": "edolstra",
        "repo": "flake-compat",
        "rev": "5edf11c44bc78a0d334f6334cdaf7d60d732daab",
        "type": "github"
      },
      "original": {
        "owner": "edolstra",
        "repo": "flake-compat",
        "type": "github"
      }
    },
    "nixpkgs": {
      "locked": {
        "lastModified": 1768129890,
        "narHash": "sha256-izB67Et12Th6/dwE7FaOuRbk1Rw/aOTYbACw1CANkkY=",
        "owner": "nixos",
        "repo": "nixpkgs",
        "rev": "b4262d9cfe384fd40a13954fda8b0a371601b85e",
        "type": "github"
      },
      "original": {
        "owner": "nixos",
        "ref": "nixos-unstable-small",
        "repo": "nixpkgs",
        "type": "github"
      }
    },
    "nixpkgs_2": {
      "locked": {
        "lastModified": 1767313136,
        "narHash": "sha256-16KkgfdYqjaeRGBaYsNrhPRRENs0qzkQVUooNHtoy2w=",
        "owner": "nixos",
        "repo": "nixpkgs",
        "rev": "ac62194c3917d5f474c1a844b6fd6da2db95077d",
        "type": "github"
      },
      "original": {
        "owner": "nixos",
        "ref": "nixos-25.05",
        "repo": "nixpkgs",
        "type": "github"
      }
    },
    "raspberrypi-firmware": {
      "flake": false,
      "locked": {
        "lastModified": 1757956496,
        "narHash": "sha256-DqVgsPhppxCsZ+H6S7XY5bBoRhOgPipKibDwikqBk08=",
        "owner": "raspberrypi",
        "repo": "firmware",
        "rev": "676efed1194de38975889a34276091da1f5aadd3",
        "type": "github"
      },
      "original": {
        "owner": "raspberrypi",
        "ref": "1.20250915",
        "repo": "firmware",
        "type": "github"
      }
    },
    "root": {
      "inputs": {
        "alejandra": "alejandra",
        "nixpkgs": "nixpkgs_2",
        "raspberrypi-firmware": "raspberrypi-firmware",
        "secrets": "secrets",
        "sops-nix": "sops-nix"
      }
    },
    "rust-analyzer-src": {
      "flake": false,
      "locked": {
        "lastModified": 1768083390,
        "narHash": "sha256-TGWPJq2mXwxfAe83iZ18DIqXC4sOSj7RkW9b59h6Ox4=",
        "owner": "rust-lang",
        "repo": "rust-analyzer",
        "rev": "e42e8ff582ba12a88b6845525d08b6428e6d0fb9",
        "type": "github"
      },
      "original": {
        "owner": "rust-lang",
        "ref": "nightly",
        "repo": "rust-analyzer",
        "type": "github"
      }
    },
    "secrets": {
      "flake": false,
      "locked": {
        "lastModified": 1772408000,
        "narHash": "sha256-oKThHhNI93liLooydt9vaKtcx1bv/sZg2OYdtMyv6ns=",
        "ref": "refs/heads/main",
        "rev": "0fd2a0e26dd5cd172502b7138409ad6fb673d5bb",
        "revCount": 14,
        "type": "git",
        "url": "ssh://git@github.com/ces0712/infrastructure-secrets.git"
      },
      "original": {
        "type": "git",
        "url": "ssh://git@github.com/ces0712/infrastructure-secrets.git"
      }
    },
    "sops-nix": {
      "inputs": {
        "nixpkgs": [
          "nixpkgs"
        ]
      },
      "locked": {
        "lastModified": 1772401007,
        "narHash": "sha256-YHykQg0h9hrlZGpMcywnaFzQ1Kn/5YNCCOSaaAl6z7Q=",
        "owner": "Mic92",
        "repo": "sops-nix",
        "rev": "d8be5ea4cd3bc363492ab5bc6e874ccdc5465fe4",
        "type": "github"
      },
      "original": {
        "owner": "Mic92",
        "repo": "sops-nix",
        "type": "github"
      }
    }
  },
  "root": "root",
  "version": 7
}
